
Microsoft Visual Studio Solution File, Format Version 10.00
# Visual Studio 2008
Project("{FAE04EC0-301F-11D3-BF4B-00C04F79EFBC}") = "Vifir.Web", "Vifir.Web\Vifir.Web.csproj", "{AABBE25C-71E2-4B53-8F50-177492CEEF3D}"
EndProject
Global
	GlobalSection(SolutionConfigurationPlatforms) = preSolution
		Debug|Any CPU = Debug|Any CPU
		Release|Any CPU = Release|Any CPU
	EndGlobalSection
	GlobalSection(ProjectConfigurationPlatforms) = postSolution
		{AABBE25C-71E2-4B53-8F50-177492CEEF3D}.Debug|Any CPU.ActiveCfg = Debug|Any CPU
		{AABBE25C-71E2-4B53-8F50-177492CEEF3D}.Debug|Any CPU.Build.0 = Debug|Any CPU
		{AABBE25C-71E2-4B53-8F50-177492CEEF3D}.Release|Any CPU.ActiveCfg = Release|Any CPU
		{AABBE25C-71E2-4B53-8F50-177492CEEF3D}.Release|Any CPU.Build.0 = Release|Any CPU
	EndGlobalSection
	GlobalSection(SolutionProperties) = preSolution
		HideSolutionNode = FALSE
	EndGlobalSection
EndGlobal
